
Microsoft Visual Studio Solution File, Format Version 12.00
# Visual Studio Version 17
VisualStudioVersion = 17.0.31919.166
MinimumVisualStudioVersion = 10.0.40219.1
Project("{FAE04EC0-301F-11D3-BF4B-00C04F79EFBC}") = "Bookstore.Service", "Bookstore.Service\Bookstore.Service.csproj", "{734B26B1-2C9D-41CE-9A6E-7CDB50232F53}"
EndProject
Project("{FAE04EC0-301F-11D3-BF4B-00C04F79EFBC}") = "Bookstore.Concepts", "Bookstore.Concepts\Bookstore.Concepts.csproj", "{0CA275DE-347A-4C0E-921F-5DD4115F25F3}"
EndProject
Project("{FAE04EC0-301F-11D3-BF4B-00C04F79EFBC}") = "Bookstore.Service.Test", "Bookstore.Service.Test\Bookstore.Service.Test.csproj", "{DCD564DF-CE23-4F51-9035-B283DD0956E3}"
EndProject
Global
	GlobalSection(SolutionConfigurationPlatforms) = preSolution
		Debug|Any CPU = Debug|Any CPU
		Release|Any CPU = Release|Any CPU
	EndGlobalSection
	GlobalSection(ProjectConfigurationPlatforms) = postSolution
		{734B26B1-2C9D-41CE-9A6E-7CDB50232F53}.Debug|Any CPU.ActiveCfg = Debug|Any CPU
		{734B26B1-2C9D-41CE-9A6E-7CDB50232F53}.Debug|Any CPU.Build.0 = Debug|Any CPU
		{734B26B1-2C9D-41CE-9A6E-7CDB50232F53}.Release|Any CPU.ActiveCfg = Release|Any CPU
		{734B26B1-2C9D-41CE-9A6E-7CDB50232F53}.Release|Any CPU.Build.0 = Release|Any CPU
		{0CA275DE-347A-4C0E-921F-5DD4115F25F3}.Debug|Any CPU.ActiveCfg = Debug|Any CPU
		{0CA275DE-347A-4C0E-921F-5DD4115F25F3}.Debug|Any CPU.Build.0 = Debug|Any CPU
		{0CA275DE-347A-4C0E-921F-5DD4115F25F3}.Release|Any CPU.ActiveCfg = Release|Any CPU
		{0CA275DE-347A-4C0E-921F-5DD4115F25F3}.Release|Any CPU.Build.0 = Release|Any CPU
		{DCD564DF-CE23-4F51-9035-B283DD0956E3}.Debug|Any CPU.ActiveCfg = Debug|Any CPU
		{DCD564DF-CE23-4F51-9035-B283DD0956E3}.Debug|Any CPU.Build.0 = Debug|Any CPU
		{DCD564DF-CE23-4F51-9035-B283DD0956E3}.Release|Any CPU.ActiveCfg = Release|Any CPU
		{DCD564DF-CE23-4F51-9035-B283DD0956E3}.Release|Any CPU.Build.0 = Release|Any CPU
	EndGlobalSection
	GlobalSection(SolutionProperties) = preSolution
		HideSolutionNode = FALSE
	EndGlobalSection
	GlobalSection(ExtensibilityGlobals) = postSolution
		SolutionGuid = {F21FD919-6A45-44CF-A9B8-220660594029}
	EndGlobalSection
EndGlobal
